{
  "name": "sudoku",
  "version": "0.0.0",
  "lockfileVersion": 1,
  "requires": true,
  "dependencies": {
    "@angular/animations": {
      "version": "4.3.6",
      "resolved": "https://registry.npmjs.org/@angular/animations/-/animations-4.3.6.tgz",
      "integrity": "sha1-v5KD7HyMmLMvVp2E3NoQiQ/cAmI="
    },
    "@angular/cli": {
      "version": "1.3.2",
      "resolved": "https://registry.npmjs.org/@angular/cli/-/cli-1.3.2.tgz",
      "integrity": "sha512-VAZXI19PbhhUE/dJH5r6HT7502y0OXYzxhbGIagh/e7SNKnVV8KglVL4zfTfnsI8kmLrFFbAmPy7xomKO8Btkg==",
      "dev": true,
      "dependencies": {
        "@ngtools/webpack": {
          "version": "1.6.2",
          "resolved": "https://registry.npmjs.org/@ngtools/webpack/-/webpack-1.6.2.tgz",
          "integrity": "sha512-2s2kCCV3FQUC+MG69e+H5k7zELuVcQ0Gkl1ioqR25HOclxv0UGVY7jsmz9LRm/DanS5ORXQt4S82EFV1dY4w+A=="
        }
      }
    },
    "@angular/common": {
      "version": "4.3.6",
      "resolved": "https://registry.npmjs.org/@angular/common/-/common-4.3.6.tgz",
      "integrity": "sha1-7TfpMHx1Bt2DR5fBps9nXlK1tu4="
    },
    "@angular/compiler": {
      "version": "4.3.6",
      "resolved": "https://registry.npmjs.org/@angular/compiler/-/compiler-4.3.6.tgz",
      "integrity": "sha1-vhcN8Ji3HoNczt8WjV+3sj5QRbg="
    },
    "@angular/compiler-cli": {
      "version": "4.3.6",
      "resolved": "https://registry.npmjs.org/@angular/compiler-cli/-/compiler-cli-4.3.6.tgz",
      "integrity": "sha1-avpq72jdaB5hs5i+TWJw5choCxI=",
      "dev": true,
      "dependencies": {
        "minimist": {
          "version": "1.2.0",
          "resolved": "https://registry.npmjs.org/minimist/-/minimist-1.2.0.tgz",
          "integrity": "sha1-o1AIsg9BOD7sH7kU9M1d95omQoQ="
        }
      }
    },
    "@angular/core": {
      "version": "4.3.6",
      "resolved": "https://registry.npmjs.org/@angular/core/-/core-4.3.6.tgz",
      "integrity": "sha1-u6xj1o0Pe8s4nRKzQghlK+MofpY="
    },
    "@angular/forms": {
      "version": "4.3.6",
      "resolved": "https://registry.npmjs.org/@angular/forms/-/forms-4.3.6.tgz",
      "integrity": "sha1-DyDEWXwWoVJ0XXzZVVmFWgpcZoc="
    },
    "@angular/http": {
      "version": "4.3.6",
      "resolved": "https://registry.npmjs.org/@angular/http/-/http-4.3.6.tgz",
      "integrity": "sha1-Vjgn0afV6J47fYa3f7vTZ7LAhZE="
    },
    "@angular/language-service": {
      "version": "4.3.6",
      "resolved": "https://registry.npmjs.org/@angular/language-service/-/language-service-4.3.6.tgz",
      "integrity": "sha1-cc8tu0ZhVo89EqnA5LngQ++TvTo=",
      "dev": true
    },
    "@angular/platform-browser": {
      "version": "4.3.6",
      "resolved": "https://registry.npmjs.org/@angular/platform-browser/-/platform-browser-4.3.6.tgz",
      "integrity": "sha1-YVKx87eNAkb8XhUOL3ue1DN+O6Y="
    },
    "@angular/platform-browser-dynamic": {
      "version": "4.3.6",
      "resolved": "https://registry.npmjs.org/@angular/platform-browser-dynamic/-/platform-browser-dynamic-4.3.6.tgz",
      "integrity": "sha1-nqv4JvEZyY+Fwqlu3LGKsAtO+xw="
    },
    "@angular/router": {
      "version": "4.3.6",
      "resolved": "https://registry.npmjs.org/@angular/router/-/router-4.3.6.tgz",
      "integrity": "sha1-ZAM+20/NoIoyPnUztKGCDA8o0TA="
    },
    "@std/esm": {
      "version": "0.11.2",
      "resolved": "https://registry.npmjs.org/@std/esm/-/esm-0.11.2.tgz",
      "integrity": "sha512-l1z84sEcY7uMqCffg/DmsWpASMDkZrkE7niT+IlnKTcLnL3WGJYSDJRMb/6Tpclu0K45AXa887ElJ+CybyYe3g=="
    },
    "@types/bootstrap": {
      "version": "3.3.36",
      "resolved": "https://registry.npmjs.org/@types/bootstrap/-/bootstrap-3.3.36.tgz",
      "integrity": "sha512-Ox4QismJMkIIEx800Potvor1PCFg/VldUkmWBARw33mcJejLfXsRjQowdwr20tOzq73+YxrD40kcHbjWDgOwMA=="
    },
    "@types/jasmine": {
      "version": "2.5.54",
      "resolved": "https://registry.npmjs.org/@types/jasmine/-/jasmine-2.5.54.tgz",
      "integrity": "sha512-B9YofFbUljs19g5gBKUYeLIulsh31U5AK70F41BImQRHEZQGm4GcN922UvnYwkduMqbC/NH+9fruWa/zrqvHIg==",
      "dev": true
    },
    "@types/jasminewd2": {
      "version": "2.0.2",
      "resolved": "https://registry.npmjs.org/@types/jasminewd2/-/jasminewd2-2.0.2.tgz",
      "integrity": "sha1-X2jh5pe/ELxv2Mvy4Aaj1nEsW2Q=",
      "dev": true
    },
    "@types/jquery": {
      "version": "3.2.12",
      "resolved": "https://registry.npmjs.org/@types/jquery/-/jquery-3.2.12.tgz",
      "integrity": "sha512-xZzTbUju6AYFE/088UcH2+dB7yTLHlujDju9pfncD1WLl2LWa6Mn+WzKjFfhn8YA+he53j5K0Rfdw89BN0kDug=="
    },
    "@types/node": {
      "version": "6.0.87",
      "resolved": "https://registry.npmjs.org/@types/node/-/node-6.0.87.tgz",
      "integrity": "sha512-Xo0pYENOBaGtJUhi50KH6gdBNQmZQQxAwBArsJpBd15ncoz+LZD5Ev14vuezcw62CsQ1q6bM++7jA6jfwaAbfQ==",
      "dev": true
    },
    "body-parser": {
      "version": "1.17.2",
      "resolved": "https://registry.npmjs.org/body-parser/-/body-parser-1.17.2.tgz",
      "integrity": "sha1-+IkqvI+eYn1Crtr7yma/WrmRBO4=",
      "dependencies": {
        "bytes": {
          "version": "2.4.0",
          "resolved": "https://registry.npmjs.org/bytes/-/bytes-2.4.0.tgz",
          "integrity": "sha1-fZcZb51br39pNeJZhVSe3SpsIzk="
        },
        "debug": {
          "version": "2.6.7",
          "resolved": "https://registry.npmjs.org/debug/-/debug-2.6.7.tgz",
          "integrity": "sha1-krrR9tBbu2u6Isyoi80OyJTChh4="
        },
        "iconv-lite": {
          "version": "0.4.15",
          "resolved": "https://registry.npmjs.org/iconv-lite/-/iconv-lite-0.4.15.tgz",
          "integrity": "sha1-/iZaIYrGpXz+hUkn6dBMGYJe3es="
        }
      }
    },
    "bootstrap": {
      "version": "3.4.1",
      "resolved": "https://registry.npmjs.org/bootstrap/-/bootstrap-3.4.1.tgz",
      "integrity": "sha512-yN5oZVmRCwe5aKwzRj6736nSmKDX7pLYwsXiCj/EYmo16hODaBiT4En5btW/jhBF/seV+XMx3aYwukYC3A49DA=="
    },
    "codelyzer": {
      "version": "3.1.2",
      "resolved": "https://registry.npmjs.org/codelyzer/-/codelyzer-3.1.2.tgz",
      "integrity": "sha1-n/HwQfubXuXb60W6hm368EmDrwQ=",
      "dev": true
    },
    "core-js": {
      "version": "2.5.0",
      "resolved": "https://registry.npmjs.org/core-js/-/core-js-2.5.0.tgz",
      "integrity": "sha1-VpwFCRi+ZIazg3VSAorgRmtxcIY="
    },
    "express": {
      "version": "4.15.4",
      "resolved": "https://registry.npmjs.org/express/-/express-4.15.4.tgz",
      "integrity": "sha1-Ay4iU0ic+PzgJma+yj0R7XotrtE=",
      "dependencies": {
        "array-flatten": {
          "version": "1.1.1",
          "resolved": "https://registry.npmjs.org/array-flatten/-/array-flatten-1.1.1.tgz",
          "integrity": "sha1-ml9pkFGx5wczKPKgCJaLZOopVdI="
        },
        "qs": {
          "version": "6.5.0",
          "resolved": "https://registry.npmjs.org/qs/-/qs-6.5.0.tgz",
          "integrity": "sha512-fjVFjW9yhqMhVGwRExCXLhJKrLlkYSaxNWdyc9rmHlrVZbk35YHH312dFd7191uQeXkI3mKLZTIbSvIeFwFemg=="
        }
      }
    },
    "express-favicon": {
      "version": "2.0.0",
      "resolved": "https://registry.npmjs.org/express-favicon/-/express-favicon-2.0.0.tgz",
      "integrity": "sha1-oi2aaZLQVZSTAEXbfmLKeFuTopY="
    },
    "jasmine-core": {
      "version": "2.6.4",
      "resolved": "https://registry.npmjs.org/jasmine-core/-/jasmine-core-2.6.4.tgz",
      "integrity": "sha1-3skmzQqfoof7bbXHVfpIfnTOysU=",
      "dev": true
    },
    "jasmine-spec-reporter": {
      "version": "4.1.1",
      "resolved": "https://registry.npmjs.org/jasmine-spec-reporter/-/jasmine-spec-reporter-4.1.1.tgz",
      "integrity": "sha1-Wm1Yq11hvqcwn7wnkjlRF1axtYg=",
      "dev": true
    },
    "jquery": {
      "version": "3.2.1",
      "resolved": "https://registry.npmjs.org/jquery/-/jquery-3.2.1.tgz",
      "integrity": "sha1-XE2d5lKvbNCncBVKYxu6ErAVx4c="
    },
    "mongodb": {
      "version": "2.2.31",
      "resolved": "https://registry.npmjs.org/mongodb/-/mongodb-2.2.31.tgz",
      "integrity": "sha1-GUBEXGYeGSF7s7+CRdmFSq71SNs=",
      "dependencies": {
        "isarray": {
          "version": "1.0.0",
          "resolved": "https://registry.npmjs.org/isarray/-/isarray-1.0.0.tgz",
          "integrity": "sha1-u5NdSFgsuhaMBoNJV6VKPgcSTxE="
        },
        "readable-stream": {
          "version": "2.2.7",
          "resolved": "https://registry.npmjs.org/readable-stream/-/readable-stream-2.2.7.tgz",
          "integrity": "sha1-BwV6y+JGeyIELTb5jFrVBwVOlbE="
        },
        "string_decoder": {
          "version": "1.0.3",
          "resolved": "https://registry.npmjs.org/string_decoder/-/string_decoder-1.0.3.tgz",
          "integrity": "sha512-4AH6Z5fzNNBcH+6XDMfA/BTt87skxqJlO0lAh3Dker5zThcAxG6mKz+iGu308UKoPPQ8Dcqx/4JhujzltRa+hQ=="
        }
      }
    },
    "mongoose": {
      "version": "4.11.8",
      "resolved": "https://registry.npmjs.org/mongoose/-/mongoose-4.11.8.tgz",
      "integrity": "sha512-bZjYVtkVOdwYuJJmQPg152u9NYVbcUoop5MpSKvyyzi6Hsuqd7TYJMt+e1S4beLR1ZhNJySSWh0wdRvPiiwTkA==",
      "dependencies": {
        "async": {
          "version": "2.1.4",
          "resolved": "https://registry.npmjs.org/async/-/async-2.1.4.tgz",
          "integrity": "sha1-LSFgx3iAMuTdbL4lAvH5osj2zeQ="
        }
      }
    },
    "mongoose-simple-random": {
      "version": "0.4.1",
      "resolved": "https://registry.npmjs.org/mongoose-simple-random/-/mongoose-simple-random-0.4.1.tgz",
      "integrity": "sha1-CQVNhVWCZzAgmnQFsdc8tKj5GqM="
    },
    "morgan": {
      "version": "1.8.2",
      "resolved": "https://registry.npmjs.org/morgan/-/morgan-1.8.2.tgz",
      "integrity": "sha1-eErHc05KRTqcbm6GgKkyknXItoc="
    },
    "ngx-bootstrap": {
      "version": "1.9.1",
      "resolved": "https://registry.npmjs.org/ngx-bootstrap/-/ngx-bootstrap-1.9.1.tgz",
      "integrity": "sha512-AiV26G4pEp6K7oX59fg+ywTI7i6kVnbzOPkX9DroakVYyXkBPMJGYcDI4T+5L+P/kQXzukDjKrO9ojGfGVkLPQ=="
    },
    "ngx-loading": {
      "version": "1.0.7",
      "resolved": "https://registry.npmjs.org/ngx-loading/-/ngx-loading-1.0.7.tgz",
      "integrity": "sha1-WSohFEZsWiogoLfC5jBcatUFz58="
    },
    "nodemon": {
      "version": "1.11.0",
      "resolved": "https://registry.npmjs.org/nodemon/-/nodemon-1.11.0.tgz",
      "integrity": "sha1-ImxWK9KnsT09dRi0mtSCijYj0Gw="
    },
    "rxjs": {
      "version": "5.4.3",
      "resolved": "https://registry.npmjs.org/rxjs/-/rxjs-5.4.3.tgz",
      "integrity": "sha512-fSNi+y+P9ss+EZuV0GcIIqPUK07DEaMRUtLJvdcvMyFjc9dizuDjere+A4V7JrLGnm9iCc+nagV/4QdMTkqC4A=="
    },
    "ts-node": {
      "version": "3.2.2",
      "resolved": "https://registry.npmjs.org/ts-node/-/ts-node-3.2.2.tgz",
      "integrity": "sha1-u9KOOK9Kqj6WB2xGbhsiAZfBo84=",
      "dev": true,
      "dependencies": {
        "minimist": {
          "version": "1.2.0",
          "resolved": "https://registry.npmjs.org/minimist/-/minimist-1.2.0.tgz",
          "integrity": "sha1-o1AIsg9BOD7sH7kU9M1d95omQoQ="
        }
      }
    },
    "tslint": {
      "version": "5.3.2",
      "resolved": "https://registry.npmjs.org/tslint/-/tslint-5.3.2.tgz",
      "integrity": "sha1-5WRZ+wlacwfxA7hAUhdPXju+9u0=",
      "dev": true,
      "dependencies": {
        "optimist": {
          "version": "0.6.1",
          "resolved": "https://registry.npmjs.org/optimist/-/optimist-0.6.1.tgz",
          "integrity": "sha1-2j6nRob6IaGaERwybpDrFaAZZoY="
        }
      }
    },
    "typescript": {
      "version": "2.3.4",
      "resolved": "https://registry.npmjs.org/typescript/-/typescript-2.3.4.tgz",
      "integrity": "sha1-PTgyGCgjHkNPKHUUlZw3qCtin0I=",
      "dev": true
    },
    "zone.js": {
      "version": "0.8.17",
      "resolved": "https://registry.npmjs.org/zone.js/-/zone.js-0.8.17.tgz",
      "integrity": "sha1-TF5RhahX2o2nk9rzkZNxxaNrKgs="
    }
  }
}
